
Microsoft Visual Studio Solution File, Format Version 12.00
# Visual Studio Version 17
VisualStudioVersion = 17.3.32901.215
MinimumVisualStudioVersion = 10.0.40219.1
Project("{9A19103F-16F7-4668-BE54-9A1E7A4F7556}") = "Adapter", "Adapter\Adapter.csproj", "{71F81821-84E3-4F22-BB5E-F13513C04F79}"
EndProject
Project("{9A19103F-16F7-4668-BE54-9A1E7A4F7556}") = "Builder", "Builder\Builder.csproj", "{0D4E6CC2-6DC3-417B-AF23-92DDA1D2ED62}"
EndProject
Project("{9A19103F-16F7-4668-BE54-9A1E7A4F7556}") = "Factory", "Factory\Factory.csproj", "{8F712844-867B-4DCE-9D48-4F8B77A034EE}"
EndProject
Project("{9A19103F-16F7-4668-BE54-9A1E7A4F7556}") = "Iterator", "Iterator\Iterator.csproj", "{19F654CE-711E-4CA4-BE17-BBCC8D5A2870}"
EndProject
Project("{9A19103F-16F7-4668-BE54-9A1E7A4F7556}") = "Singleton", "Singleton\Singleton.csproj", "{FAC85C7F-19C3-4460-85E7-8BB8825EA04C}"
EndProject
Project("{2150E333-8FDC-42A3-9474-1A3956D46DE8}") = "Patterns", "Patterns", "{F9C927A7-8155-4285-A3A8-ADCA0F767027}"
EndProject
Project("{9A19103F-16F7-4668-BE54-9A1E7A4F7556}") = "Composite", "Composite\Composite.csproj", "{D21814C6-E0AC-41AB-9A60-E5BDBB2CE0E7}"
EndProject
Project("{9A19103F-16F7-4668-BE54-9A1E7A4F7556}") = "Proxy", "Proxy\Proxy.csproj", "{C491E9D4-1B8E-48BF-8F20-F0D84E45CAA4}"
EndProject
Project("{9A19103F-16F7-4668-BE54-9A1E7A4F7556}") = "Decorator", "Decorator\Decorator.csproj", "{A0502A3C-DAA7-432A-94CC-6451361F5BB0}"
EndProject
Project("{9A19103F-16F7-4668-BE54-9A1E7A4F7556}") = "Visitor", "Visitor\Visitor.csproj", "{D1B15183-1B61-4F16-8A23-5793EAD3F01E}"
EndProject
Project("{FAE04EC0-301F-11D3-BF4B-00C04F79EFBC}") = "UnsafeCode", "UnsafeCode\UnsafeCode.csproj", "{0854099A-ED73-4235-A575-B72F2B7FACB8}"
EndProject
Global
	GlobalSection(SolutionConfigurationPlatforms) = preSolution
		Debug|Any CPU = Debug|Any CPU
		Release|Any CPU = Release|Any CPU
	EndGlobalSection
	GlobalSection(ProjectConfigurationPlatforms) = postSolution
		{71F81821-84E3-4F22-BB5E-F13513C04F79}.Debug|Any CPU.ActiveCfg = Debug|Any CPU
		{71F81821-84E3-4F22-BB5E-F13513C04F79}.Debug|Any CPU.Build.0 = Debug|Any CPU
		{71F81821-84E3-4F22-BB5E-F13513C04F79}.Release|Any CPU.ActiveCfg = Release|Any CPU
		{71F81821-84E3-4F22-BB5E-F13513C04F79}.Release|Any CPU.Build.0 = Release|Any CPU
		{0D4E6CC2-6DC3-417B-AF23-92DDA1D2ED62}.Debug|Any CPU.ActiveCfg = Debug|Any CPU
		{0D4E6CC2-6DC3-417B-AF23-92DDA1D2ED62}.Debug|Any CPU.Build.0 = Debug|Any CPU
		{0D4E6CC2-6DC3-417B-AF23-92DDA1D2ED62}.Release|Any CPU.ActiveCfg = Release|Any CPU
		{0D4E6CC2-6DC3-417B-AF23-92DDA1D2ED62}.Release|Any CPU.Build.0 = Release|Any CPU
		{8F712844-867B-4DCE-9D48-4F8B77A034EE}.Debug|Any CPU.ActiveCfg = Debug|Any CPU
		{8F712844-867B-4DCE-9D48-4F8B77A034EE}.Debug|Any CPU.Build.0 = Debug|Any CPU
		{8F712844-867B-4DCE-9D48-4F8B77A034EE}.Release|Any CPU.ActiveCfg = Release|Any CPU
		{8F712844-867B-4DCE-9D48-4F8B77A034EE}.Release|Any CPU.Build.0 = Release|Any CPU
		{19F654CE-711E-4CA4-BE17-BBCC8D5A2870}.Debug|Any CPU.ActiveCfg = Debug|Any CPU
		{19F654CE-711E-4CA4-BE17-BBCC8D5A2870}.Debug|Any CPU.Build.0 = Debug|Any CPU
		{19F654CE-711E-4CA4-BE17-BBCC8D5A2870}.Release|Any CPU.ActiveCfg = Release|Any CPU
		{19F654CE-711E-4CA4-BE17-BBCC8D5A2870}.Release|Any CPU.Build.0 = Release|Any CPU
		{FAC85C7F-19C3-4460-85E7-8BB8825EA04C}.Debug|Any CPU.ActiveCfg = Debug|Any CPU
		{FAC85C7F-19C3-4460-85E7-8BB8825EA04C}.Debug|Any CPU.Build.0 = Debug|Any CPU
		{FAC85C7F-19C3-4460-85E7-8BB8825EA04C}.Release|Any CPU.ActiveCfg = Release|Any CPU
		{FAC85C7F-19C3-4460-85E7-8BB8825EA04C}.Release|Any CPU.Build.0 = Release|Any CPU
		{D21814C6-E0AC-41AB-9A60-E5BDBB2CE0E7}.Debug|Any CPU.ActiveCfg = Debug|Any CPU
		{D21814C6-E0AC-41AB-9A60-E5BDBB2CE0E7}.Debug|Any CPU.Build.0 = Debug|Any CPU
		{D21814C6-E0AC-41AB-9A60-E5BDBB2CE0E7}.Release|Any CPU.ActiveCfg = Release|Any CPU
		{D21814C6-E0AC-41AB-9A60-E5BDBB2CE0E7}.Release|Any CPU.Build.0 = Release|Any CPU
		{C491E9D4-1B8E-48BF-8F20-F0D84E45CAA4}.Debug|Any CPU.ActiveCfg = Debug|Any CPU
		{C491E9D4-1B8E-48BF-8F20-F0D84E45CAA4}.Debug|Any CPU.Build.0 = Debug|Any CPU
		{C491E9D4-1B8E-48BF-8F20-F0D84E45CAA4}.Release|Any CPU.ActiveCfg = Release|Any CPU
		{C491E9D4-1B8E-48BF-8F20-F0D84E45CAA4}.Release|Any CPU.Build.0 = Release|Any CPU
		{A0502A3C-DAA7-432A-94CC-6451361F5BB0}.Debug|Any CPU.ActiveCfg = Debug|Any CPU
		{A0502A3C-DAA7-432A-94CC-6451361F5BB0}.Debug|Any CPU.Build.0 = Debug|Any CPU
		{A0502A3C-DAA7-432A-94CC-6451361F5BB0}.Release|Any CPU.ActiveCfg = Release|Any CPU
		{A0502A3C-DAA7-432A-94CC-6451361F5BB0}.Release|Any CPU.Build.0 = Release|Any CPU
		{D1B15183-1B61-4F16-8A23-5793EAD3F01E}.Debug|Any CPU.ActiveCfg = Debug|Any CPU
		{D1B15183-1B61-4F16-8A23-5793EAD3F01E}.Debug|Any CPU.Build.0 = Debug|Any CPU
		{D1B15183-1B61-4F16-8A23-5793EAD3F01E}.Release|Any CPU.ActiveCfg = Release|Any CPU
		{D1B15183-1B61-4F16-8A23-5793EAD3F01E}.Release|Any CPU.Build.0 = Release|Any CPU
		{0854099A-ED73-4235-A575-B72F2B7FACB8}.Debug|Any CPU.ActiveCfg = Debug|Any CPU
		{0854099A-ED73-4235-A575-B72F2B7FACB8}.Debug|Any CPU.Build.0 = Debug|Any CPU
		{0854099A-ED73-4235-A575-B72F2B7FACB8}.Release|Any CPU.ActiveCfg = Release|Any CPU
		{0854099A-ED73-4235-A575-B72F2B7FACB8}.Release|Any CPU.Build.0 = Release|Any CPU
	EndGlobalSection
	GlobalSection(SolutionProperties) = preSolution
		HideSolutionNode = FALSE
	EndGlobalSection
	GlobalSection(NestedProjects) = preSolution
		{71F81821-84E3-4F22-BB5E-F13513C04F79} = {F9C927A7-8155-4285-A3A8-ADCA0F767027}
		{0D4E6CC2-6DC3-417B-AF23-92DDA1D2ED62} = {F9C927A7-8155-4285-A3A8-ADCA0F767027}
		{8F712844-867B-4DCE-9D48-4F8B77A034EE} = {F9C927A7-8155-4285-A3A8-ADCA0F767027}
		{19F654CE-711E-4CA4-BE17-BBCC8D5A2870} = {F9C927A7-8155-4285-A3A8-ADCA0F767027}
		{FAC85C7F-19C3-4460-85E7-8BB8825EA04C} = {F9C927A7-8155-4285-A3A8-ADCA0F767027}
		{D21814C6-E0AC-41AB-9A60-E5BDBB2CE0E7} = {F9C927A7-8155-4285-A3A8-ADCA0F767027}
		{C491E9D4-1B8E-48BF-8F20-F0D84E45CAA4} = {F9C927A7-8155-4285-A3A8-ADCA0F767027}
		{A0502A3C-DAA7-432A-94CC-6451361F5BB0} = {F9C927A7-8155-4285-A3A8-ADCA0F767027}
		{D1B15183-1B61-4F16-8A23-5793EAD3F01E} = {F9C927A7-8155-4285-A3A8-ADCA0F767027}
	EndGlobalSection
	GlobalSection(ExtensibilityGlobals) = postSolution
		SolutionGuid = {FFA13326-3501-4244-90D6-305B8A4ACDDC}
	EndGlobalSection
EndGlobal
